
Microsoft Visual Studio Solution File, Format Version 12.00
# Visual Studio Version 16
VisualStudioVersion = 16.0.31829.152
MinimumVisualStudioVersion = 10.0.40219.1
Project("{FAE04EC0-301F-11D3-BF4B-00C04F79EFBC}") = "U30SampleApp", "U30SampleApp\U30SampleApp.csproj", "{419F8652-254C-4B77-80DD-5AEB3E685F58}"
EndProject
Project("{FAE04EC0-301F-11D3-BF4B-00C04F79EFBC}") = "MobileDAL", "MobileDAL\MobileDAL.csproj", "{F823F40A-4844-4378-A9FD-AF4E5612B12D}"
EndProject
Global
	GlobalSection(SolutionConfigurationPlatforms) = preSolution
		Debug|Any CPU = Debug|Any CPU
		Release|Any CPU = Release|Any CPU
	EndGlobalSection
	GlobalSection(ProjectConfigurationPlatforms) = postSolution
		{419F8652-254C-4B77-80DD-5AEB3E685F58}.Debug|Any CPU.ActiveCfg = Debug|Any CPU
		{419F8652-254C-4B77-80DD-5AEB3E685F58}.Debug|Any CPU.Build.0 = Debug|Any CPU
		{419F8652-254C-4B77-80DD-5AEB3E685F58}.Release|Any CPU.ActiveCfg = Release|Any CPU
		{419F8652-254C-4B77-80DD-5AEB3E685F58}.Release|Any CPU.Build.0 = Release|Any CPU
		{F823F40A-4844-4378-A9FD-AF4E5612B12D}.Debug|Any CPU.ActiveCfg = Debug|Any CPU
		{F823F40A-4844-4378-A9FD-AF4E5612B12D}.Debug|Any CPU.Build.0 = Debug|Any CPU
		{F823F40A-4844-4378-A9FD-AF4E5612B12D}.Release|Any CPU.ActiveCfg = Release|Any CPU
		{F823F40A-4844-4378-A9FD-AF4E5612B12D}.Release|Any CPU.Build.0 = Release|Any CPU
	EndGlobalSection
	GlobalSection(SolutionProperties) = preSolution
		HideSolutionNode = FALSE
	EndGlobalSection
	GlobalSection(ExtensibilityGlobals) = postSolution
		SolutionGuid = {05292827-16B7-44AC-BB70-C824E94886F9}
	EndGlobalSection
EndGlobal
